<?xml version="1.0" encoding="UTF-8" standalone="yes" ?>
<CodeBlocks_project_file>
	<FileVersion major="1" minor="6" />
	<Project>
		<Option title="new_sokoban_solver" />
		<Option pch_mode="2" />
		<Option compiler="gcc" />
		<Build>
			<Target title="Debug">
				<Option output="bin/Debug/new_sokoban_solver" prefix_auto="1" extension_auto="1" />
				<Option object_output="obj/Debug/" />
				<Option type="1" />
				<Option compiler="gcc" />
				<Compiler>
					<Add option="-O3" />
					<Add option="-pg" />
					<Add option="-g" />
					<Add directory="include" />
					<Add directory="D:/Document/document/projet_perso/2019/MarioSokobanConsole/" />
				</Compiler>
				<Linker>
					<Add option="-pg -lgmon" />
				</Linker>
			</Target>
			<Target title="Release">
				<Option output="bin/Release/new_sokoban_solver" prefix_auto="1" extension_auto="1" />
				<Option object_output="obj/Release/" />
				<Option type="1" />
				<Option compiler="gcc" />
				<Compiler>
					<Add option="-O3" />
					<Add directory="include" />
				</Compiler>
			</Target>
		</Build>
		<Compiler>
			<Add option="-Winline" />
			<Add option="-Wextra" />
			<Add option="-Wall" />
			<Add option="-std=c++11" />
			<Add option="-fexceptions" />
			<Add directory="C:/Users/rmichau/Documents/projetPerso/MarioSokobanConsole/" />
		</Compiler>
		<Linker>
			<Add library="alleg" />
		</Linker>
		<Unit filename="_Idée améloration.txt" />
		<Unit filename="src/BFS_Stuff/BFSPLUS.cpp" />
		<Unit filename="src/BFS_Stuff/BFSPLUS.h" />
		<Unit filename="src/BFS_Stuff/BFS_Objects/Mother_Class/NodeCaseMother.cpp" />
		<Unit filename="src/BFS_Stuff/BFS_Objects/Mother_Class/NodeCaseMother.h" />
		<Unit filename="src/BFS_Stuff/BFS_Objects/Node.cpp" />
		<Unit filename="src/BFS_Stuff/BFS_Objects/Node.h" />
		<Unit filename="src/BFS_Stuff/BFS_Objects/NodeStat.cpp" />
		<Unit filename="src/BFS_Stuff/BFS_Objects/NodeStat.h" />
		<Unit filename="src/BFS_Stuff/DeadLocks/Case_morte.h" />
		<Unit filename="src/BFS_Stuff/Deadlocks/case_morte.cpp" />
		<Unit filename="src/BFS_Stuff/Heuristique/Heuristique.cpp" />
		<Unit filename="src/BFS_Stuff/Heuristique/Heuristique.h" />
		<Unit filename="src/BFS_Stuff/Heuristique/note.cpp" />
		<Unit filename="src/BFS_Stuff/Heuristique/note.h" />
		<Unit filename="src/Maze/Maze.cpp" />
		<Unit filename="src/Maze/Maze.h" />
		<Unit filename="src/main.cpp" />
		<Unit filename="src/utils/Chrono.cpp" />
		<Unit filename="src/utils/Chrono.h" />
		<Unit filename="src/utils/Console.cpp" />
		<Unit filename="src/utils/Console.h" />
		<Unit filename="src/utils/Coord.cpp" />
		<Unit filename="src/utils/Coord.h" />
		<Unit filename="src/utils/KeyboardManager.h" />
		<Unit filename="src/utils/Util.cpp" />
		<Unit filename="src/utils/Util.h" />
		<Unit filename="src/utils/keyboardManager.cpp" />
		<Extensions>
			<code_completion />
			<envvars />
			<debugger />
			<lib_finder disable_auto="1" />
		</Extensions>
	</Project>
</CodeBlocks_project_file>
